// !$*UTF8*$!
{
	archiveVersion = 1;
	classes = {
	};
	objectVersion = 46;
	objects = {

/* Begin PBXBuildFile section */
		81FDA7081E1C9D5700C36DC2 /* main.m in Sources */ = {isa = PBXBuildFile; fileRef = 81FDA7071E1C9D5700C36DC2 /* main.m */; };
		81FDA70B1E1C9D5700C36DC2 /* AppDelegate.m in Sources */ = {isa = PBXBuildFile; fileRef = 81FDA70A1E1C9D5700C36DC2 /* AppDelegate.m */; };
		81FDA70E1E1C9D5700C36DC2 /* ViewController.m in Sources */ = {isa = PBXBuildFile; fileRef = 81FDA70D1E1C9D5700C36DC2 /* ViewController.m */; };
		81FDA7111E1C9D5700C36DC2 /* Main.storyboard in Resources */ = {isa = PBXBuildFile; fileRef = 81FDA70F1E1C9D5700C36DC2 /* Main.storyboard */; };
		81FDA7131E1C9D5700C36DC2 /* Assets.xcassets in Resources */ = {isa = PBXBuildFile; fileRef = 81FDA7121E1C9D5700C36DC2 /* Assets.xcassets */; };
		81FDA7161E1C9D5700C36DC2 /* LaunchScreen.storyboard in Resources */ = {isa = PBXBuildFile; fileRef = 81FDA7141E1C9D5700C36DC2 /* LaunchScreen.storyboard */; };
		81FDA7211E1C9D5700C36DC2 /* tabbarTests.m in Sources */ = {isa = PBXBuildFile; fileRef = 81FDA7201E1C9D5700C36DC2 /* tabbarTests.m */; };
		81FDA72C1E1C9D5700C36DC2 /* tabbarUITests.m in Sources */ = {isa = PBXBuildFile; fileRef = 81FDA72B1E1C9D5700C36DC2 /* tabbarUITests.m */; };
/* End PBXBuildFile section */

/* Begin PBXContainerItemProxy section */
		81FDA71D1E1C9D5700C36DC2 /* PBXContainerItemProxy */ = {
			isa = PBXContainerItemProxy;
			containerPortal = 81FDA6FB1E1C9D5700C36DC2 /* Project object */;
			proxyType = 1;
			remoteGlobalIDString = 81FDA7021E1C9D5700C36DC2;
			remoteInfo = tabbar;
		};
		81FDA7281E1C9D5700C36DC2 /* PBXContainerItemProxy */ = {
			isa = PBXContainerItemProxy;
			containerPortal = 81FDA6FB1E1C9D5700C36DC2 /* Project object */;
			proxyType = 1;
			remoteGlobalIDString = 81FDA7021E1C9D5700C36DC2;
			remoteInfo = tabbar;
		};
/* End PBXContainerItemProxy section */

/* Begin PBXFileReference section */
		81FDA7031E1C9D5700C36DC2 /* tabbar.app */ = {isa = PBXFileReference; explicitFileType = wrapper.application; includeInIndex = 0; path = tabbar.app; sourceTree = BUILT_PRODUCTS_DIR; };
		81FDA7071E1C9D5700C36DC2 /* main.m */ = {isa = PBXFileReference; lastKnownFileType = sourcecode.c.objc; path = main.m; sourceTree = "<group>"; };
		81FDA7091E1C9D5700C36DC2 /* AppDelegate.h */ = {isa = PBXFileReference; lastKnownFileType = sourcecode.c.h; path = AppDelegate.h; sourceTree = "<group>"; };
		81FDA70A1E1C9D5700C36DC2 /* AppDelegate.m */ = {isa = PBXFileReference; lastKnownFileType = sourcecode.c.objc; path = AppDelegate.m; sourceTree = "<group>"; };
		81FDA70C1E1C9D5700C36DC2 /* ViewController.h */ = {isa = PBXFileReference; lastKnownFileType = sourcecode.c.h; path = ViewController.h; sourceTree = "<group>"; };
		81FDA70D1E1C9D5700C36DC2 /* ViewController.m */ = {isa = PBXFileReference; lastKnownFileType = sourcecode.c.objc; path = ViewController.m; sourceTree = "<group>"; };
		81FDA7101E1C9D5700C36DC2 /* Base */ = {isa = PBXFileReference; lastKnownFileType = file.storyboard; name = Base; path = Base.lproj/Main.storyboard; sourceTree = "<group>"; };
		81FDA7121E1C9D5700C36DC2 /* Assets.xcassets */ = {isa = PBXFileReference; lastKnownFileType = folder.assetcatalog; path = Assets.xcassets; sourceTree = "<group>"; };
		81FDA7151E1C9D5700C36DC2 /* Base */ = {isa = PBXFileReference; lastKnownFileType = file.storyboard; name = Base; path = Base.lproj/LaunchScreen.storyboard; sourceTree = "<group>"; };
		81FDA7171E1C9D5700C36DC2 /* Info.plist */ = {isa = PBXFileReference; lastKnownFileType = text.plist.xml; path = Info.plist; sourceTree = "<group>"; };
		81FDA71C1E1C9D5700C36DC2 /* tabbarTests.xctest */ = {isa = PBXFileReference; explicitFileType = wrapper.cfbundle; includeInIndex = 0; path = tabbarTests.xctest; sourceTree = BUILT_PRODUCTS_DIR; };
		81FDA7201E1C9D5700C36DC2 /* tabbarTests.m */ = {isa = PBXFileReference; lastKnownFileType = sourcecode.c.objc; path = tabbarTests.m; sourceTree = "<group>"; };
		81FDA7221E1C9D5700C36DC2 /* Info.plist */ = {isa = PBXFileReference; lastKnownFileType = text.plist.xml; path = Info.plist; sourceTree = "<group>"; };
		81FDA7271E1C9D5700C36DC2 /* tabbarUITests.xctest */ = {isa = PBXFileReference; explicitFileType = wrapper.cfbundle; includeInIndex = 0; path = tabbarUITests.xctest; sourceTree = BUILT_PRODUCTS_DIR; };
		81FDA72B1E1C9D5700C36DC2 /* tabbarUITests.m */ = {isa = PBXFileReference; lastKnownFileType = sourcecode.c.objc; path = tabbarUITests.m; sourceTree = "<group>"; };
		81FDA72D1E1C9D5700C36DC2 /* Info.plist */ = {isa = PBXFileReference; lastKnownFileType = text.plist.xml; path = Info.plist; sourceTree = "<group>"; };
/* End PBXFileReference section */

/* Begin PBXFrameworksBuildPhase section */
		81FDA7001E1C9D5700C36DC2 /* Frameworks */ = {
			isa = PBXFrameworksBuildPhase;
			buildActionMask = 2147483647;
			files = (
			);
			runOnlyForDeploymentPostprocessing = 0;
		};
		81FDA7191E1C9D5700C36DC2 /* Frameworks */ = {
			isa = PBXFrameworksBuildPhase;
			buildActionMask = 2147483647;
			files = (
			);
			runOnlyForDeploymentPostprocessing = 0;
		};
		81FDA7241E1C9D5700C36DC2 /* Frameworks */ = {
			isa = PBXFrameworksBuildPhase;
			buildActionMask = 2147483647;
			files = (
			);
			runOnlyForDeploymentPostprocessing = 0;
		};
/* End PBXFrameworksBuildPhase section */

/* Begin PBXGroup section */
		81FDA6FA1E1C9D5700C36DC2 = {
			isa = PBXGroup;
			children = (
				81FDA7051E1C9D5700C36DC2 /* tabbar */,
				81FDA71F1E1C9D5700C36DC2 /* tabbarTests */,
				81FDA72A1E1C9D5700C36DC2 /* tabbarUITests */,
				81FDA7041E1C9D5700C36DC2 /* Products */,
			);
			sourceTree = "<group>";
		};
		81FDA7041E1C9D5700C36DC2 /* Products */ = {
			isa = PBXGroup;
			children = (
				81FDA7031E1C9D5700C36DC2 /* tabbar.app */,
				81FDA71C1E1C9D5700C36DC2 /* tabbarTests.xctest */,
				81FDA7271E1C9D5700C36DC2 /* tabbarUITests.xctest */,
			);
			name = Products;
			sourceTree = "<group>";
		};
		81FDA7051E1C9D5700C36DC2 /* tabbar */ = {
			isa = PBXGroup;
			children = (
				81FDA7091E1C9D5700C36DC2 /* AppDelegate.h */,
				81FDA70A1E1C9D5700C36DC2 /* AppDelegate.m */,
				81FDA70C1E1C9D5700C36DC2 /* ViewController.h */,
				81FDA70D1E1C9D5700C36DC2 /* ViewController.m */,
				81FDA70F1E1C9D5700C36DC2 /* Main.storyboard */,
				81FDA7121E1C9D5700C36DC2 /* Assets.xcassets */,
				81FDA7141E1C9D5700C36DC2 /* LaunchScreen.storyboard */,
				81FDA7171E1C9D5700C36DC2 /* Info.plist */,
				81FDA7061E1C9D5700C36DC2 /* Supporting Files */,
			);
			path = tabbar;
			sourceTree = "<group>";
		};
		81FDA7061E1C9D5700C36DC2 /* Supporting Files */ = {
			isa = PBXGroup;
			children = (
				81FDA7071E1C9D5700C36DC2 /* main.m */,
			);
			name = "Supporting Files";
			sourceTree = "<group>";
		};
		81FDA71F1E1C9D5700C36DC2 /* tabbarTests */ = {
			isa = PBXGroup;
			children = (
				81FDA7201E1C9D5700C36DC2 /* tabbarTests.m */,
				81FDA7221E1C9D5700C36DC2 /* Info.plist */,
			);
			path = tabbarTests;
			sourceTree = "<group>";
		};
		81FDA72A1E1C9D5700C36DC2 /* tabbarUITests */ = {
			isa = PBXGroup;
			children = (
				81FDA72B1E1C9D5700C36DC2 /* tabbarUITests.m */,
				81FDA72D1E1C9D5700C36DC2 /* Info.plist */,
			);
			path = tabbarUITests;
			sourceTree = "<group>";
		};
/* End PBXGroup section */

/* Begin PBXNativeTarget section */
		81FDA7021E1C9D5700C36DC2 /* tabbar */ = {
			isa = PBXNativeTarget;
			buildConfigurationList = 81FDA7301E1C9D5700C36DC2 /* Build configuration list for PBXNativeTarget "tabbar" */;
			buildPhases = (
				81FDA6FF1E1C9D5700C36DC2 /* Sources */,
				81FDA7001E1C9D5700C36DC2 /* Frameworks */,
				81FDA7011E1C9D5700C36DC2 /* Resources */,
			);
			buildRules = (
			);
			dependencies = (
			);
			name = tabbar;
			productName = tabbar;
			productReference = 81FDA7031E1C9D5700C36DC2 /* tabbar.app */;
			productType = "com.apple.product-type.application";
		};
		81FDA71B1E1C9D5700C36DC2 /* tabbarTests */ = {
			isa = PBXNativeTarget;
			buildConfigurationList = 81FDA7331E1C9D5700C36DC2 /* Build configuration list for PBXNativeTarget "tabbarTests" */;
			buildPhases = (
				81FDA7181E1C9D5700C36DC2 /* Sources */,
				81FDA7191E1C9D5700C36DC2 /* Frameworks */,
				81FDA71A1E1C9D5700C36DC2 /* Resources */,
			);
			buildRules = (
			);
			dependencies = (
				81FDA71E1E1C9D5700C36DC2 /* PBXTargetDependency */,
			);
			name = tabbarTests;
			productName = tabbarTests;
			productReference = 81FDA71C1E1C9D5700C36DC2 /* tabbarTests.xctest */;
			productType = "com.apple.product-type.bundle.unit-test";
		};
		81FDA7261E1C9D5700C36DC2 /* tabbarUITests */ = {
			isa = PBXNativeTarget;
			buildConfigurationList = 81FDA7361E1C9D5700C36DC2 /* Build configuration list for PBXNativeTarget "tabbarUITests" */;
			buildPhases = (
				81FDA7231E1C9D5700C36DC2 /* Sources */,
				81FDA7241E1C9D5700C36DC2 /* Frameworks */,
				81FDA7251E1C9D5700C36DC2 /* Resources */,
			);
			buildRules = (
			);
			dependencies = (
				81FDA7291E1C9D5700C36DC2 /* PBXTargetDependency */,
			);
			name = tabbarUITests;
			productName = tabbarUITests;
			productReference = 81FDA7271E1C9D5700C36DC2 /* tabbarUITests.xctest */;
			productType = "com.apple.product-type.bundle.ui-testing";
		};
/* End PBXNativeTarget section */

/* Begin PBXProject section */
		81FDA6FB1E1C9D5700C36DC2 /* Project object */ = {
			isa = PBXProject;
			attributes = {
				LastUpgradeCheck = 0820;
				ORGANIZATIONNAME = IOS;
				TargetAttributes = {
					81FDA7021E1C9D5700C36DC2 = {
						CreatedOnToolsVersion = 8.2;
						DevelopmentTeam = 8228768954;
						ProvisioningStyle = Automatic;
					};
					81FDA71B1E1C9D5700C36DC2 = {
						CreatedOnToolsVersion = 8.2;
						DevelopmentTeam = 8228768954;
						ProvisioningStyle = Automatic;
						TestTargetID = 81FDA7021E1C9D5700C36DC2;
					};
					81FDA7261E1C9D5700C36DC2 = {
						CreatedOnToolsVersion = 8.2;
						DevelopmentTeam = 8228768954;
						ProvisioningStyle = Automatic;
						TestTargetID = 81FDA7021E1C9D5700C36DC2;
					};
				};
			};
			buildConfigurationList = 81FDA6FE1E1C9D5700C36DC2 /* Build configuration list for PBXProject "tabbar" */;
			compatibilityVersion = "Xcode 3.2";
			developmentRegion = English;
			hasScannedForEncodings = 0;
			knownRegions = (
				en,
				Base,
			);
			mainGroup = 81FDA6FA1E1C9D5700C36DC2;
			productRefGroup = 81FDA7041E1C9D5700C36DC2 /* Products */;
			projectDirPath = "";
			projectRoot = "";
			targets = (
				81FDA7021E1C9D5700C36DC2 /* tabbar */,
				81FDA71B1E1C9D5700C36DC2 /* tabbarTests */,
				81FDA7261E1C9D5700C36DC2 /* tabbarUITests */,
			);
		};
/* End PBXProject section */

/* Begin PBXResourcesBuildPhase section */
		81FDA7011E1C9D5700C36DC2 /* Resources */ = {
			isa = PBXResourcesBuildPhase;
			buildActionMask = 2147483647;
			files = (
				81FDA7161E1C9D5700C36DC2 /* LaunchScreen.storyboard in Resources */,
				81FDA7131E1C9D5700C36DC2 /* Assets.xcassets in Resources */,
				81FDA7111E1C9D5700C36DC2 /* Main.storyboard in Resources */,
			);
			runOnlyForDeploymentPostprocessing = 0;
		};
		81FDA71A1E1C9D5700C36DC2 /* Resources */ = {
			isa = PBXResourcesBuildPhase;
			buildActionMask = 2147483647;
			files = (
			);
			runOnlyForDeploymentPostprocessing = 0;
		};
		81FDA7251E1C9D5700C36DC2 /* Resources */ = {
			isa = PBXResourcesBuildPhase;
			buildActionMask = 2147483647;
			files = (
			);
			runOnlyForDeploymentPostprocessing = 0;
		};
/* End PBXResourcesBuildPhase section */

/* Begin PBXSourcesBuildPhase section */
		81FDA6FF1E1C9D5700C36DC2 /* Sources */ = {
			isa = PBXSourcesBuildPhase;
			buildActionMask = 2147483647;
			files = (
				81FDA70E1E1C9D5700C36DC2 /* ViewController.m in Sources */,
				81FDA70B1E1C9D5700C36DC2 /* AppDelegate.m in Sources */,
				81FDA7081E1C9D5700C36DC2 /* main.m in Sources */,
			);
			runOnlyForDeploymentPostprocessing = 0;
		};
		81FDA7181E1C9D5700C36DC2 /* Sources */ = {
			isa = PBXSourcesBuildPhase;
			buildActionMask = 2147483647;
			files = (
				81FDA7211E1C9D5700C36DC2 /* tabbarTests.m in Sources */,
			);
			runOnlyForDeploymentPostprocessing = 0;
		};
		81FDA7231E1C9D5700C36DC2 /* Sources */ = {
			isa = PBXSourcesBuildPhase;
			buildActionMask = 2147483647;
			files = (
				81FDA72C1E1C9D5700C36DC2 /* tabbarUITests.m in Sources */,
			);
			runOnlyForDeploymentPostprocessing = 0;
		};
/* End PBXSourcesBuildPhase section */

/* Begin PBXTargetDependency section */
		81FDA71E1E1C9D5700C36DC2 /* PBXTargetDependency */ = {
			isa = PBXTargetDependency;
			target = 81FDA7021E1C9D5700C36DC2 /* tabbar */;
			targetProxy = 81FDA71D1E1C9D5700C36DC2 /* PBXContainerItemProxy */;
		};
		81FDA7291E1C9D5700C36DC2 /* PBXTargetDependency */ = {
			isa = PBXTargetDependency;
			target = 81FDA7021E1C9D5700C36DC2 /* tabbar */;
			targetProxy = 81FDA7281E1C9D5700C36DC2 /* PBXContainerItemProxy */;
		};
/* End PBXTargetDependency section */

/* Begin PBXVariantGroup section */
		81FDA70F1E1C9D5700C36DC2 /* Main.storyboard */ = {
			isa = PBXVariantGroup;
			children = (
				81FDA7101E1C9D5700C36DC2 /* Base */,
			);
			name = Main.storyboard;
			sourceTree = "<group>";
		};
		81FDA7141E1C9D5700C36DC2 /* LaunchScreen.storyboard */ = {
			isa = PBXVariantGroup;
			children = (
				81FDA7151E1C9D5700C36DC2 /* Base */,
			);
			name = LaunchScreen.storyboard;
			sourceTree = "<group>";
		};
/* End PBXVariantGroup section */

/* Begin XCBuildConfiguration section */
		81FDA72E1E1C9D5700C36DC2 /* Debug */ = {
			isa = XCBuildConfiguration;
			buildSettings = {
				ALWAYS_SEARCH_USER_PATHS = NO;
				CLANG_ANALYZER_NONNULL = YES;
				CLANG_CXX_LANGUAGE_STANDARD = "gnu++0x";
				CLANG_CXX_LIBRARY = "libc++";
				CLANG_ENABLE_MODULES = YES;
				CLANG_ENABLE_OBJC_ARC = YES;
				CLANG_WARN_BOOL_CONVERSION = YES;
				CLANG_WARN_CONSTANT_CONVERSION = YES;
				CLANG_WARN_DIRECT_OBJC_ISA_USAGE = YES_ERROR;
				CLANG_WARN_DOCUMENTATION_COMMENTS = YES;
				CLANG_WARN_EMPTY_BODY = YES;
				CLANG_WARN_ENUM_CONVERSION = YES;
				CLANG_WARN_INFINITE_RECURSION = YES;
				CLANG_WARN_INT_CONVERSION = YES;
				CLANG_WARN_OBJC_ROOT_CLASS = YES_ERROR;
				CLANG_WARN_SUSPICIOUS_MOVE = YES;
				CLANG_WARN_UNREACHABLE_CODE = YES;
				CLANG_WARN__DUPLICATE_METHOD_MATCH = YES;
				"CODE_SIGN_IDENTITY[sdk=iphoneos*]" = "iPhone Developer";
				COPY_PHASE_STRIP = NO;
				DEBUG_INFORMATION_FORMAT = dwarf;
				ENABLE_STRICT_OBJC_MSGSEND = YES;
				ENABLE_TESTABILITY = YES;
				GCC_C_LANGUAGE_STANDARD = gnu99;
				GCC_DYNAMIC_NO_PIC = NO;
				GCC_NO_COMMON_BLOCKS = YES;
				GCC_OPTIMIZATION_LEVEL = 0;
				GCC_PREPROCESSOR_DEFINITIONS = (
					"DEBUG=1",
					"$(inherited)",
				);
				GCC_WARN_64_TO_32_BIT_CONVERSION = YES;
				GCC_WARN_ABOUT_RETURN_TYPE = YES_ERROR;
				GCC_WARN_UNDECLARED_SELECTOR = YES;
				GCC_WARN_UNINITIALIZED_AUTOS = YES_AGGRESSIVE;
				GCC_WARN_UNUSED_FUNCTION = YES;
				GCC_WARN_UNUSED_VARIABLE = YES;
				IPHONEOS_DEPLOYMENT_TARGET = 10.2;
				MTL_ENABLE_DEBUG_INFO = YES;
				ONLY_ACTIVE_ARCH = YES;
				SDKROOT = iphoneos;
			};
			name = Debug;
		};
		81FDA72F1E1C9D5700C36DC2 /* Release */ = {
			isa = XCBuildConfiguration;
			buildSettings = {
				ALWAYS_SEARCH_USER_PATHS = NO;
				CLANG_ANALYZER_NONNULL = YES;
				CLANG_CXX_LANGUAGE_STANDARD = "gnu++0x";
				CLANG_CXX_LIBRARY = "libc++";
				CLANG_ENABLE_MODULES = YES;
				CLANG_ENABLE_OBJC_ARC = YES;
				CLANG_WARN_BOOL_CONVERSION = YES;
				CLANG_WARN_CONSTANT_CONVERSION = YES;
				CLANG_WARN_DIRECT_OBJC_ISA_USAGE = YES_ERROR;
				CLANG_WARN_DOCUMENTATION_COMMENTS = YES;
				CLANG_WARN_EMPTY_BODY = YES;
				CLANG_WARN_ENUM_CONVERSION = YES;
				CLANG_WARN_INFINITE_RECURSION = YES;
				CLANG_WARN_INT_CONVERSION = YES;
				CLANG_WARN_OBJC_ROOT_CLASS = YES_ERROR;
				CLANG_WARN_SUSPICIOUS_MOVE = YES;
				CLANG_WARN_UNREACHABLE_CODE = YES;
				CLANG_WARN__DUPLICATE_METHOD_MATCH = YES;
				"CODE_SIGN_IDENTITY[sdk=iphoneos*]" = "iPhone Developer";
				COPY_PHASE_STRIP = NO;
				DEBUG_INFORMATION_FORMAT = "dwarf-with-dsym";
				ENABLE_NS_ASSERTIONS = NO;
				ENABLE_STRICT_OBJC_MSGSEND = YES;
				GCC_C_LANGUAGE_STANDARD = gnu99;
				GCC_NO_COMMON_BLOCKS = YES;
				GCC_WARN_64_TO_32_BIT_CONVERSION = YES;
				GCC_WARN_ABOUT_RETURN_TYPE = YES_ERROR;
				GCC_WARN_UNDECLARED_SELECTOR = YES;
				GCC_WARN_UNINITIALIZED_AUTOS = YES_AGGRESSIVE;
				GCC_WARN_UNUSED_FUNCTION = YES;
				GCC_WARN_UNUSED_VARIABLE = YES;
				IPHONEOS_DEPLOYMENT_TARGET = 10.2;
				MTL_ENABLE_DEBUG_INFO = NO;
				SDKROOT = iphoneos;
				VALIDATE_PRODUCT = YES;
			};
			name = Release;
		};
		81FDA7311E1C9D5700C36DC2 /* Debug */ = {
			isa = XCBuildConfiguration;
			buildSettings = {
				ASSETCATALOG_COMPILER_APPICON_NAME = AppIcon;
				DEVELOPMENT_TEAM = 8228768954;
				INFOPLIST_FILE = tabbar/Info.plist;
				LD_RUNPATH_SEARCH_PATHS = "$(inherited) @executable_path/Frameworks";
				PRODUCT_BUNDLE_IDENTIFIER = liuyahe.tabbar;
				PRODUCT_NAME = "$(TARGET_NAME)";
			};
			name = Debug;
		};
		81FDA7321E1C9D5700C36DC2 /* Release */ = {
			isa = XCBuildConfiguration;
			buildSettings = {
				ASSETCATALOG_COMPILER_APPICON_NAME = AppIcon;
				DEVELOPMENT_TEAM = 8228768954;
				INFOPLIST_FILE = tabbar/Info.plist;
				LD_RUNPATH_SEARCH_PATHS = "$(inherited) @executable_path/Frameworks";
				PRODUCT_BUNDLE_IDENTIFIER = liuyahe.tabbar;
				PRODUCT_NAME = "$(TARGET_NAME)";
			};
			name = Release;
		};
		81FDA7341E1C9D5700C36DC2 /* Debug */ = {
			isa = XCBuildConfiguration;
			buildSettings = {
				BUNDLE_LOADER = "$(TEST_HOST)";
				DEVELOPMENT_TEAM = 8228768954;
				INFOPLIST_FILE = tabbarTests/Info.plist;
				LD_RUNPATH_SEARCH_PATHS = "$(inherited) @executable_path/Frameworks @loader_path/Frameworks";
				PRODUCT_BUNDLE_IDENTIFIER = liuyahe.tabbarTests;
				PRODUCT_NAME = "$(TARGET_NAME)";
				TEST_HOST = "$(BUILT_PRODUCTS_DIR)/tabbar.app/tabbar";
			};
			name = Debug;
		};
		81FDA7351E1C9D5700C36DC2 /* Release */ = {
			isa = XCBuildConfiguration;
			buildSettings = {
				BUNDLE_LOADER = "$(TEST_HOST)";
				DEVELOPMENT_TEAM = 8228768954;
				INFOPLIST_FILE = tabbarTests/Info.plist;
				LD_RUNPATH_SEARCH_PATHS = "$(inherited) @executable_path/Frameworks @loader_path/Frameworks";
				PRODUCT_BUNDLE_IDENTIFIER = liuyahe.tabbarTests;
				PRODUCT_NAME = "$(TARGET_NAME)";
				TEST_HOST = "$(BUILT_PRODUCTS_DIR)/tabbar.app/tabbar";
			};
			name = Release;
		};
		81FDA7371E1C9D5700C36DC2 /* Debug */ = {
			isa = XCBuildConfiguration;
			buildSettings = {
				DEVELOPMENT_TEAM = 8228768954;
				INFOPLIST_FILE = tabbarUITests/Info.plist;
				LD_RUNPATH_SEARCH_PATHS = "$(inherited) @executable_path/Frameworks @loader_path/Frameworks";
				PRODUCT_BUNDLE_IDENTIFIER = liuyahe.tabbarUITests;
				PRODUCT_NAME = "$(TARGET_NAME)";
				TEST_TARGET_NAME = tabbar;
			};
			name = Debug;
		};
		81FDA7381E1C9D5700C36DC2 /* Release */ = {
			isa = XCBuildConfiguration;
			buildSettings = {
				DEVELOPMENT_TEAM = 8228768954;
				INFOPLIST_FILE = tabbarUITests/Info.plist;
				LD_RUNPATH_SEARCH_PATHS = "$(inherited) @executable_path/Frameworks @loader_path/Frameworks";
				PRODUCT_BUNDLE_IDENTIFIER = liuyahe.tabbarUITests;
				PRODUCT_NAME = "$(TARGET_NAME)";
				TEST_TARGET_NAME = tabbar;
			};
			name = Release;
		};
/* End XCBuildConfiguration section */

/* Begin XCConfigurationList section */
		81FDA6FE1E1C9D5700C36DC2 /* Build configuration list for PBXProject "tabbar" */ = {
			isa = XCConfigurationList;
			buildConfigurations = (
				81FDA72E1E1C9D5700C36DC2 /* Debug */,
				81FDA72F1E1C9D5700C36DC2 /* Release */,
			);
			defaultConfigurationIsVisible = 0;
			defaultConfigurationName = Release;
		};
		81FDA7301E1C9D5700C36DC2 /* Build configuration list for PBXNativeTarget "tabbar" */ = {
			isa = XCConfigurationList;
			buildConfigurations = (
				81FDA7311E1C9D5700C36DC2 /* Debug */,
				81FDA7321E1C9D5700C36DC2 /* Release */,
			);
			defaultConfigurationIsVisible = 0;
		};
		81FDA7331E1C9D5700C36DC2 /* Build configuration list for PBXNativeTarget "tabbarTests" */ = {
			isa = XCConfigurationList;
			buildConfigurations = (
				81FDA7341E1C9D5700C36DC2 /* Debug */,
				81FDA7351E1C9D5700C36DC2 /* Release */,
			);
			defaultConfigurationIsVisible = 0;
		};
		81FDA7361E1C9D5700C36DC2 /* Build configuration list for PBXNativeTarget "tabbarUITests" */ = {
			isa = XCConfigurationList;
			buildConfigurations = (
				81FDA7371E1C9D5700C36DC2 /* Debug */,
				81FDA7381E1C9D5700C36DC2 /* Release */,
			);
			defaultConfigurationIsVisible = 0;
		};
/* End XCConfigurationList section */
	};
	rootObject = 81FDA6FB1E1C9D5700C36DC2 /* Project object */;
}
